{
  "lockfile_version": "1",
  "packages": {
    "github:NixOS/nixpkgs/nixpkgs-unstable": {
      "last_modified": "2025-05-02T17:15:29Z",
      "resolved": "github:NixOS/nixpkgs/9a7caecf30a0494c88b7daeeed29244cd9a52e7d?lastModified=1746206129&narHash=sha256-JA4DynBKhY7t4DdJZTuomRLAiXFDUgCGGwxgt%2BXGiik%3D"
    },
    "stow@2.4.0": {
      "last_modified": "2024-07-07T16:08:25Z",
      "resolved": "github:NixOS/nixpkgs/ab82a9612aa45284d4adf69ee81871a389669a9e#stow",
      "source": "devbox-search",
      "version": "2.4.0",
      "systems": {
        "aarch64-darwin": {
          "outputs": [
            {
              "name": "out",
              "path": "/nix/store/4x3qrs4ap503j9flf8gci2m0bz2algb3-stow-2.4.0",
              "default": true
            }
          ],
          "store_path": "/nix/store/4x3qrs4ap503j9flf8gci2m0bz2algb3-stow-2.4.0"
        },
        "aarch64-linux": {
          "outputs": [
            {
              "name": "out",
              "path": "/nix/store/phr952xdx384hpbgi23rpz2wm610wggg-stow-2.4.0",
              "default": true
            }
          ],
          "store_path": "/nix/store/phr952xdx384hpbgi23rpz2wm610wggg-stow-2.4.0"
        },
        "x86_64-darwin": {
          "outputs": [
            {
              "name": "out",
              "path": "/nix/store/4awd3xzrml3xalxzalx46ldfm2wni8bn-stow-2.4.0",
              "default": true
            }
          ],
          "store_path": "/nix/store/4awd3xzrml3xalxzalx46ldfm2wni8bn-stow-2.4.0"
        },
        "x86_64-linux": {
          "outputs": [
            {
              "name": "out",
              "path": "/nix/store/h12fjj77pj915ldmbiji7bygwjcng526-stow-2.4.0",
              "default": true
            }
          ],
          "store_path": "/nix/store/h12fjj77pj915ldmbiji7bygwjcng526-stow-2.4.0"
        }
      }
    }
  }
}
